lockfileVersion: '6.0'

settings:
  autoInstallPeers: true
  excludeLinksFromLockfile: false

dependencies:
  browserslist:
    specifier: ^4.22.2
    version: 4.22.2
  npx:
    specifier: ^10.2.2
    version: 10.2.2

packages:

  /browserslist@4.22.2:
    resolution: {integrity: sha512-0UgcrvQmBDvZHFGdYUehrCNIazki7/lUP3kkoi/r3YB2amZbFM9J43ZRkJTXBUZK4gmx56+Sqk9+Vs9mwZx9+A==}
    engines: {node: ^6 || ^7 || ^8 || ^9 || ^10 || ^11 || ^12 || >=13.7}
    hasBin: true
    dependencies:
      caniuse-lite: 1.0.30001576
      electron-to-chromium: 1.4.631
      node-releases: 2.0.14
      update-browserslist-db: 1.0.13(browserslist@4.22.2)
    dev: false

  /caniuse-lite@1.0.30001576:
    resolution: {integrity: sha512-ff5BdakGe2P3SQsMsiqmt1Lc8221NR1VzHj5jXN5vBny9A6fpze94HiVV/n7XRosOlsShJcvMv5mdnpjOGCEgg==}
    dev: false

  /electron-to-chromium@1.4.631:
    resolution: {integrity: sha512-g73CJB/rMPjdxpiNJYmV1homV7mLVUNe/R0z/HhqMfpjkt58FpYmkTjbtuv3zymdbTTJ+VOEqe1c+lkTjSOhmQ==}
    dev: false

  /escalade@3.1.1:
    resolution: {integrity: sha512-k0er2gUkLf8O0zKJiAhmkTnJlTvINGv7ygDNPbeIsX/TJjGJZHuh9B2UxbsaEkmlEo9MfhrSzmhIlhRlI2GXnw==}
    engines: {node: '>=6'}
    dev: false

  /node-releases@2.0.14:
    resolution: {integrity: sha512-y10wOWt8yZpqXmOgRo77WaHEmhYQYGNA6y421PKsKYWEK8aW+cqAphborZDhqfyKrbZEN92CN1X2KbafY2s7Yw==}
    dev: false

  /npx@10.2.2:
    resolution: {integrity: sha512-eImmySusyeWphzs5iNh791XbZnZG0FSNvM4KSah34pdQQIDsdTDhIwg1sjN3AIVcjGLpbQ/YcfqHPshKZQK1fA==}
    hasBin: true
    dev: false
    bundledDependencies:
      - npm
      - libnpx

  /picocolors@1.0.0:
    resolution: {integrity: sha512-1fygroTLlHu66zi26VoTDv8yRgm0Fccecssto+MhsZ0D/DGW2sm8E8AjW7NU5VVTRt5GxbeZ5qBuJr+HyLYkjQ==}
    dev: false

  /update-browserslist-db@1.0.13(browserslist@4.22.2):
    resolution: {integrity: sha512-xebP81SNcPuNpPP3uzeW1NYXxI3rxyJzF3pD6sH4jE7o/IX+WtSpwnVU+qIsDPyk0d3hmFQ7mjqc6AtV604hbg==}
    hasBin: true
    peerDependencies:
      browserslist: '>= 4.21.0'
    dependencies:
      browserslist: 4.22.2
      escalade: 3.1.1
      picocolors: 1.0.0
    dev: false
